
Microsoft Visual Studio Solution File, Format Version 12.00
# Visual Studio Version 16
VisualStudioVersion = 16.0.30413.136
MinimumVisualStudioVersion = 10.0.40219.1
Project("{FAE04EC0-301F-11D3-BF4B-00C04F79EFBC}") = "Noahandnear", "Noahandnear\Noahandnear.csproj", "{432D3DAB-5804-47C2-A0A9-0DF5763F3A39}"
EndProject
Global
	GlobalSection(SolutionConfigurationPlatforms) = preSolution
		Debug|Any CPU = Debug|Any CPU
		Release|Any CPU = Release|Any CPU
	EndGlobalSection
	GlobalSection(ProjectConfigurationPlatforms) = postSolution
		{432D3DAB-5804-47C2-A0A9-0DF5763F3A39}.Debug|Any CPU.ActiveCfg = Debug|Any CPU
		{432D3DAB-5804-47C2-A0A9-0DF5763F3A39}.Debug|Any CPU.Build.0 = Debug|Any CPU
		{432D3DAB-5804-47C2-A0A9-0DF5763F3A39}.Release|Any CPU.ActiveCfg = Release|Any CPU
		{432D3DAB-5804-47C2-A0A9-0DF5763F3A39}.Release|Any CPU.Build.0 = Release|Any CPU
	EndGlobalSection
	GlobalSection(SolutionProperties) = preSolution
		HideSolutionNode = FALSE
	EndGlobalSection
	GlobalSection(ExtensibilityGlobals) = postSolution
		SolutionGuid = {74F4E294-879E-468A-8976-CE8BA4D2E2C5}
	EndGlobalSection
EndGlobal
